
Microsoft Visual Studio Solution File, Format Version 12.00
# Visual Studio Version 17
VisualStudioVersion = 17.12.35521.163 d17.12
MinimumVisualStudioVersion = 10.0.40219.1
Project("{FAE04EC0-301F-11D3-BF4B-00C04F79EFBC}") = "Orders.Api", "Orders.Api\Orders.Api.csproj", "{2BE07AFD-0524-4E2D-B20E-1190931558CA}"
EndProject
Project("{2150E333-8FDC-42A3-9474-1A3956D46DE8}") = "src", "src", "{92135A18-777B-45B8-BF9E-D2B2FDB4BD57}"
EndProject
Project("{FAE04EC0-301F-11D3-BF4B-00C04F79EFBC}") = "Shipping.Api", "Shipping.Api\Shipping.Api.csproj", "{26BE0A2C-3A14-4E07-9A2E-84B5B37791F1}"
EndProject
Project("{FAE04EC0-301F-11D3-BF4B-00C04F79EFBC}") = "Messaging.Contracts", "Messaging.Contracts\Messaging.Contracts.csproj", "{47D027AF-4626-47C9-A3F1-26DEB3E22986}"
EndProject
Global
	GlobalSection(SolutionConfigurationPlatforms) = preSolution
		Debug|Any CPU = Debug|Any CPU
		Release|Any CPU = Release|Any CPU
	EndGlobalSection
	GlobalSection(ProjectConfigurationPlatforms) = postSolution
		{2BE07AFD-0524-4E2D-B20E-1190931558CA}.Debug|Any CPU.ActiveCfg = Debug|Any CPU
		{2BE07AFD-0524-4E2D-B20E-1190931558CA}.Debug|Any CPU.Build.0 = Debug|Any CPU
		{2BE07AFD-0524-4E2D-B20E-1190931558CA}.Release|Any CPU.ActiveCfg = Release|Any CPU
		{2BE07AFD-0524-4E2D-B20E-1190931558CA}.Release|Any CPU.Build.0 = Release|Any CPU
		{26BE0A2C-3A14-4E07-9A2E-84B5B37791F1}.Debug|Any CPU.ActiveCfg = Debug|Any CPU
		{26BE0A2C-3A14-4E07-9A2E-84B5B37791F1}.Debug|Any CPU.Build.0 = Debug|Any CPU
		{26BE0A2C-3A14-4E07-9A2E-84B5B37791F1}.Release|Any CPU.ActiveCfg = Release|Any CPU
		{26BE0A2C-3A14-4E07-9A2E-84B5B37791F1}.Release|Any CPU.Build.0 = Release|Any CPU
		{47D027AF-4626-47C9-A3F1-26DEB3E22986}.Debug|Any CPU.ActiveCfg = Debug|Any CPU
		{47D027AF-4626-47C9-A3F1-26DEB3E22986}.Debug|Any CPU.Build.0 = Debug|Any CPU
		{47D027AF-4626-47C9-A3F1-26DEB3E22986}.Release|Any CPU.ActiveCfg = Release|Any CPU
		{47D027AF-4626-47C9-A3F1-26DEB3E22986}.Release|Any CPU.Build.0 = Release|Any CPU
	EndGlobalSection
	GlobalSection(SolutionProperties) = preSolution
		HideSolutionNode = FALSE
	EndGlobalSection
	GlobalSection(NestedProjects) = preSolution
		{2BE07AFD-0524-4E2D-B20E-1190931558CA} = {92135A18-777B-45B8-BF9E-D2B2FDB4BD57}
		{26BE0A2C-3A14-4E07-9A2E-84B5B37791F1} = {92135A18-777B-45B8-BF9E-D2B2FDB4BD57}
		{47D027AF-4626-47C9-A3F1-26DEB3E22986} = {92135A18-777B-45B8-BF9E-D2B2FDB4BD57}
	EndGlobalSection
EndGlobal
