
Microsoft Visual Studio Solution File, Format Version 12.00
# Visual Studio Version 17
VisualStudioVersion = 17.12.35527.113 d17.12
MinimumVisualStudioVersion = 10.0.40219.1
Project("{FAE04EC0-301F-11D3-BF4B-00C04F79EFBC}") = "eCommerceApp.Host", "eCommerceApp.Host\eCommerceApp.Host.csproj", "{B0D14E8B-261F-4820-B31A-6B4159044BF5}"
EndProject
Project("{FAE04EC0-301F-11D3-BF4B-00C04F79EFBC}") = "eCommerceApp.Application", "eCommerceApp.Application\eCommerceApp.Application.csproj", "{42B89347-E8E9-4258-908B-F91B8FD060EA}"
EndProject
Project("{FAE04EC0-301F-11D3-BF4B-00C04F79EFBC}") = "eCommerceApp.Domain", "eCommerceApp.Domain\eCommerceApp.Domain.csproj", "{CC5DE979-AB38-4A37-9EFD-53EDE8E6FE9E}"
EndProject
Project("{FAE04EC0-301F-11D3-BF4B-00C04F79EFBC}") = "eCommerceApp.Infrastructure", "eCommerceApp.Infrastructure\eCommerceApp.Infrastructure.csproj", "{C870CDED-447F-425A-A5D9-A6B163C2624A}"
EndProject
Project("{FAE04EC0-301F-11D3-BF4B-00C04F79EFBC}") = "eCommerceApp.AppHost", "eCommerceApp.AppHost\eCommerceApp.AppHost.csproj", "{7D4FC647-E3BB-436D-8373-35C53BC4514F}"
EndProject
Project("{FAE04EC0-301F-11D3-BF4B-00C04F79EFBC}") = "eCommerceApp.ServiceDefaults", "eCommerceApp.ServiceDefaults\eCommerceApp.ServiceDefaults.csproj", "{C0FA6F8A-71F4-4FD2-991E-C56AB75B1937}"
EndProject
Project("{2150E333-8FDC-42A3-9474-1A3956D46DE8}") = "aspire", "aspire", "{DAA91B54-8D7A-4729-B64C-25325B5DB377}"
EndProject
Global
	GlobalSection(SolutionConfigurationPlatforms) = preSolution
		Debug|Any CPU = Debug|Any CPU
		Release|Any CPU = Release|Any CPU
	EndGlobalSection
	GlobalSection(ProjectConfigurationPlatforms) = postSolution
		{B0D14E8B-261F-4820-B31A-6B4159044BF5}.Debug|Any CPU.ActiveCfg = Debug|Any CPU
		{B0D14E8B-261F-4820-B31A-6B4159044BF5}.Debug|Any CPU.Build.0 = Debug|Any CPU
		{B0D14E8B-261F-4820-B31A-6B4159044BF5}.Release|Any CPU.ActiveCfg = Release|Any CPU
		{B0D14E8B-261F-4820-B31A-6B4159044BF5}.Release|Any CPU.Build.0 = Release|Any CPU
		{42B89347-E8E9-4258-908B-F91B8FD060EA}.Debug|Any CPU.ActiveCfg = Debug|Any CPU
		{42B89347-E8E9-4258-908B-F91B8FD060EA}.Debug|Any CPU.Build.0 = Debug|Any CPU
		{42B89347-E8E9-4258-908B-F91B8FD060EA}.Release|Any CPU.ActiveCfg = Release|Any CPU
		{42B89347-E8E9-4258-908B-F91B8FD060EA}.Release|Any CPU.Build.0 = Release|Any CPU
		{CC5DE979-AB38-4A37-9EFD-53EDE8E6FE9E}.Debug|Any CPU.ActiveCfg = Debug|Any CPU
		{CC5DE979-AB38-4A37-9EFD-53EDE8E6FE9E}.Debug|Any CPU.Build.0 = Debug|Any CPU
		{CC5DE979-AB38-4A37-9EFD-53EDE8E6FE9E}.Release|Any CPU.ActiveCfg = Release|Any CPU
		{CC5DE979-AB38-4A37-9EFD-53EDE8E6FE9E}.Release|Any CPU.Build.0 = Release|Any CPU
		{C870CDED-447F-425A-A5D9-A6B163C2624A}.Debug|Any CPU.ActiveCfg = Debug|Any CPU
		{C870CDED-447F-425A-A5D9-A6B163C2624A}.Debug|Any CPU.Build.0 = Debug|Any CPU
		{C870CDED-447F-425A-A5D9-A6B163C2624A}.Release|Any CPU.ActiveCfg = Release|Any CPU
		{C870CDED-447F-425A-A5D9-A6B163C2624A}.Release|Any CPU.Build.0 = Release|Any CPU
		{7D4FC647-E3BB-436D-8373-35C53BC4514F}.Debug|Any CPU.ActiveCfg = Debug|Any CPU
		{7D4FC647-E3BB-436D-8373-35C53BC4514F}.Debug|Any CPU.Build.0 = Debug|Any CPU
		{7D4FC647-E3BB-436D-8373-35C53BC4514F}.Release|Any CPU.ActiveCfg = Release|Any CPU
		{7D4FC647-E3BB-436D-8373-35C53BC4514F}.Release|Any CPU.Build.0 = Release|Any CPU
		{C0FA6F8A-71F4-4FD2-991E-C56AB75B1937}.Debug|Any CPU.ActiveCfg = Debug|Any CPU
		{C0FA6F8A-71F4-4FD2-991E-C56AB75B1937}.Debug|Any CPU.Build.0 = Debug|Any CPU
		{C0FA6F8A-71F4-4FD2-991E-C56AB75B1937}.Release|Any CPU.ActiveCfg = Release|Any CPU
		{C0FA6F8A-71F4-4FD2-991E-C56AB75B1937}.Release|Any CPU.Build.0 = Release|Any CPU
	EndGlobalSection
	GlobalSection(SolutionProperties) = preSolution
		HideSolutionNode = FALSE
	EndGlobalSection
	GlobalSection(NestedProjects) = preSolution
		{7D4FC647-E3BB-436D-8373-35C53BC4514F} = {DAA91B54-8D7A-4729-B64C-25325B5DB377}
		{C0FA6F8A-71F4-4FD2-991E-C56AB75B1937} = {DAA91B54-8D7A-4729-B64C-25325B5DB377}
	EndGlobalSection
EndGlobal
