
Microsoft Visual Studio Solution File, Format Version 12.00
# Visual Studio Version 17
VisualStudioVersion = 17.5.002.0
MinimumVisualStudioVersion = 10.0.40219.1
Project("{9A19103F-16F7-4668-BE54-9A1E7A4F7556}") = "jokes.Api", "jokes.Api.csproj", "{8A3F0C5E-7726-4CA7-8332-5BD99082500F}"
EndProject
Global
	GlobalSection(SolutionConfigurationPlatforms) = preSolution
		Debug|Any CPU = Debug|Any CPU
		Release|Any CPU = Release|Any CPU
	EndGlobalSection
	GlobalSection(ProjectConfigurationPlatforms) = postSolution
		{8A3F0C5E-7726-4CA7-8332-5BD99082500F}.Debug|Any CPU.ActiveCfg = Debug|Any CPU
		{8A3F0C5E-7726-4CA7-8332-5BD99082500F}.Debug|Any CPU.Build.0 = Debug|Any CPU
		{8A3F0C5E-7726-4CA7-8332-5BD99082500F}.Release|Any CPU.ActiveCfg = Release|Any CPU
		{8A3F0C5E-7726-4CA7-8332-5BD99082500F}.Release|Any CPU.Build.0 = Release|Any CPU
	EndGlobalSection
	GlobalSection(SolutionProperties) = preSolution
		HideSolutionNode = FALSE
	EndGlobalSection
	GlobalSection(ExtensibilityGlobals) = postSolution
		SolutionGuid = {F29E8B9F-E8D4-4EFE-98C7-8390798B6D6C}
	EndGlobalSection
EndGlobal
